Microsoft Visual Studio Solution File, Format Version 12.00
# Visual Studio Version 17
VisualStudioVersion = 17.5.2.0
MinimumVisualStudioVersion = 10.0.40219.1
Project("{FAE04EC0-301F-11D3-BF4B-00C04F79EFBC}") = "BootCamp-Avanade", "BootCamp-Avanade.csproj", "{63B73D5B-168F-F52B-5362-E677EDFAD707}"
EndProject
Global
	GlobalSection(SolutionConfigurationPlatforms) = preSolution
		Debug|Any CPU = Debug|Any CPU
		Release|Any CPU = Release|Any CPU
	EndGlobalSection
	GlobalSection(ProjectConfigurationPlatforms) = postSolution
		{63B73D5B-168F-F52B-5362-E677EDFAD707}.Debug|Any CPU.ActiveCfg = Debug|Any CPU
		{63B73D5B-168F-F52B-5362-E677EDFAD707}.Debug|Any CPU.Build.0 = Debug|Any CPU
		{63B73D5B-168F-F52B-5362-E677EDFAD707}.Release|Any CPU.ActiveCfg = Release|Any CPU
		{63B73D5B-168F-F52B-5362-E677EDFAD707}.Release|Any CPU.Build.0 = Release|Any CPU
	EndGlobalSection
	GlobalSection(SolutionProperties) = preSolution
		HideSolutionNode = FALSE
	EndGlobalSection
	GlobalSection(ExtensibilityGlobals) = postSolution
		SolutionGuid = {1EE1DDF8-2B43-4E97-8FC5-F7923B66CE4E}
	EndGlobalSection
EndGlobal
